PODS:
  - CryptoSwift (1.0.0)
  - ECDHESSwift (0.0.4):
    - CryptoSwift (~> 1.0.0)
    - JOSESwift (~> 1.8)
  - JOSESwift (1.8.1)

DEPENDENCIES:
  - ECDHESSwift

SPEC REPOS:
  trunk:
    - CryptoSwift
    - ECDHESSwift
    - JOSESwift

SPEC CHECKSUMS:
  CryptoSwift: d81eeaa59dc5a8d03720fe919a6fd07b51f7439f
  ECDHESSwift: e52f8731f6424210b2dc076915616f537bf4b927
  JOSESwift: 49c6e4497e061e085b9680b84b8cd6b5b64329bd

PODFILE CHECKSUM: 27b084091b640d7484394b1933db233b7efb3251

COCOAPODS: 1.11.2
